{
  "nodes": {
    "nixpkgs": {
      "locked": {
        "lastModified": 1645013224,
        "narHash": "sha256-b7OEC8vwzJv3rsz9pwnTX2LQDkeOWz2DbKypkVvNHXc=",
        "owner": "nixos",
        "repo": "nixpkgs",
        "rev": "b66b39216b1fef2d8c33cc7a5c72d8da80b79970",
        "type": "github"
      },
      "original": {
        "owner": "nixos",
        "ref": "nixpkgs-unstable",
        "repo": "nixpkgs",
        "type": "github"
      }
    },
    "root": {
      "inputs": {
        "nixpkgs": "nixpkgs"
      }
    }
  },
  "root": "root",
  "version": 7
}
