{
  "nodes": {
    "gojq": {
      "flake": false,
      "locked": {
        "lastModified": 1644811368,
        "narHash": "sha256-EHS4gJdpGSxdwkHn5c+JkdjVjczXOY4vUFBQR1+9whk=",
        "owner": "itchyny",
        "repo": "gojq",
        "rev": "591872ce9375f541dbc088398c518ee2ba589c9b",
        "type": "github"
      },
      "original": {
        "owner": "itchyny",
        "repo": "gojq",
        "type": "github"
      }
    },
    "nixpkgs": {
      "locked": {
        "lastModified": 1643119265,
        "narHash": "sha256-mmDEctIkHSWcC/HRpeaw6QOe+DbNOSzc0wsXAHOZWwo=",
        "owner": "nixos",
        "repo": "nixpkgs",
        "rev": "b05d2077ebe219f6a47825767f8bab5c6211d200",
        "type": "github"
      },
      "original": {
        "owner": "nixos",
        "ref": "nixpkgs-unstable",
        "repo": "nixpkgs",
        "type": "github"
      }
    },
    "root": {
      "inputs": {
        "gojq": "gojq",
        "nixpkgs": "nixpkgs"
      }
    }
  },
  "root": "root",
  "version": 7
}
